
Microsoft Visual Studio Solution File, Format Version 12.00
# Visual Studio 15
Project("{FAE04EC0-301F-11D3-BF4B-00C04F79EFBC}") = "Unity.XR.Interaction.Toolkit.Samples.Hands", "Unity.XR.Interaction.Toolkit.Samples.Hands.csproj", "{0831311E-8180-DAE5-1A03-686E13D386CC}"
EndProject
Project("{FAE04EC0-301F-11D3-BF4B-00C04F79EFBC}") = "Assembly-CSharp", "Assembly-CSharp.csproj", "{2167377D-A37E-10B2-5EA0-2F34AFDD7E58}"
EndProject
Project("{FAE04EC0-301F-11D3-BF4B-00C04F79EFBC}") = "Unity.XR.Interaction.Toolkit.Samples.StarterAssets", "Unity.XR.Interaction.Toolkit.Samples.StarterAssets.csproj", "{4D732C15-657B-A52A-9398-F1C24184EB29}"
EndProject
Project("{FAE04EC0-301F-11D3-BF4B-00C04F79EFBC}") = "Unity.XR.Interaction.Toolkit.Samples.Hands.Editor", "Unity.XR.Interaction.Toolkit.Samples.Hands.Editor.csproj", "{3B5DD57C-353D-47DA-144C-05ECF4355627}"
EndProject
Project("{FAE04EC0-301F-11D3-BF4B-00C04F79EFBC}") = "Unity.XR.Hands.Samples.VisualizerSample", "Unity.XR.Hands.Samples.VisualizerSample.csproj", "{DEB35A78-EFE8-C2B0-7682-D2AF51962110}"
EndProject
Project("{FAE04EC0-301F-11D3-BF4B-00C04F79EFBC}") = "Unity.XR.Interaction.Toolkit.Samples.StarterAssets.Editor", "Unity.XR.Interaction.Toolkit.Samples.StarterAssets.Editor.csproj", "{D4DC808F-B017-3707-ECEE-5E8E08C5892F}"
EndProject
Global
	GlobalSection(SolutionConfigurationPlatforms) = preSolution
		Debug|Any CPU = Debug|Any CPU
		Release|Any CPU = Release|Any CPU
	EndGlobalSection
	GlobalSection(ProjectConfigurationPlatforms) = postSolution
		{0831311E-8180-DAE5-1A03-686E13D386CC}.Debug|Any CPU.ActiveCfg = Debug|Any CPU
		{0831311E-8180-DAE5-1A03-686E13D386CC}.Debug|Any CPU.Build.0 = Debug|Any CPU
		{0831311E-8180-DAE5-1A03-686E13D386CC}.Release|Any CPU.ActiveCfg = Release|Any CPU
		{0831311E-8180-DAE5-1A03-686E13D386CC}.Release|Any CPU.Build.0 = Release|Any CPU
		{2167377D-A37E-10B2-5EA0-2F34AFDD7E58}.Debug|Any CPU.ActiveCfg = Debug|Any CPU
		{2167377D-A37E-10B2-5EA0-2F34AFDD7E58}.Debug|Any CPU.Build.0 = Debug|Any CPU
		{2167377D-A37E-10B2-5EA0-2F34AFDD7E58}.Release|Any CPU.ActiveCfg = Release|Any CPU
		{2167377D-A37E-10B2-5EA0-2F34AFDD7E58}.Release|Any CPU.Build.0 = Release|Any CPU
		{4D732C15-657B-A52A-9398-F1C24184EB29}.Debug|Any CPU.ActiveCfg = Debug|Any CPU
		{4D732C15-657B-A52A-9398-F1C24184EB29}.Debug|Any CPU.Build.0 = Debug|Any CPU
		{4D732C15-657B-A52A-9398-F1C24184EB29}.Release|Any CPU.ActiveCfg = Release|Any CPU
		{4D732C15-657B-A52A-9398-F1C24184EB29}.Release|Any CPU.Build.0 = Release|Any CPU
		{3B5DD57C-353D-47DA-144C-05ECF4355627}.Debug|Any CPU.ActiveCfg = Debug|Any CPU
		{3B5DD57C-353D-47DA-144C-05ECF4355627}.Debug|Any CPU.Build.0 = Debug|Any CPU
		{3B5DD57C-353D-47DA-144C-05ECF4355627}.Release|Any CPU.ActiveCfg = Release|Any CPU
		{3B5DD57C-353D-47DA-144C-05ECF4355627}.Release|Any CPU.Build.0 = Release|Any CPU
		{DEB35A78-EFE8-C2B0-7682-D2AF51962110}.Debug|Any CPU.ActiveCfg = Debug|Any CPU
		{DEB35A78-EFE8-C2B0-7682-D2AF51962110}.Debug|Any CPU.Build.0 = Debug|Any CPU
		{DEB35A78-EFE8-C2B0-7682-D2AF51962110}.Release|Any CPU.ActiveCfg = Release|Any CPU
		{DEB35A78-EFE8-C2B0-7682-D2AF51962110}.Release|Any CPU.Build.0 = Release|Any CPU
		{D4DC808F-B017-3707-ECEE-5E8E08C5892F}.Debug|Any CPU.ActiveCfg = Debug|Any CPU
		{D4DC808F-B017-3707-ECEE-5E8E08C5892F}.Debug|Any CPU.Build.0 = Debug|Any CPU
		{D4DC808F-B017-3707-ECEE-5E8E08C5892F}.Release|Any CPU.ActiveCfg = Release|Any CPU
		{D4DC808F-B017-3707-ECEE-5E8E08C5892F}.Release|Any CPU.Build.0 = Release|Any CPU
	EndGlobalSection
	GlobalSection(SolutionProperties) = preSolution
		HideSolutionNode = FALSE
	EndGlobalSection
EndGlobal
